
Microsoft Visual Studio Solution File, Format Version 12.00
# Visual Studio Version 17
VisualStudioVersion = 17.8.34408.163
MinimumVisualStudioVersion = 10.0.40219.1
Project("{FAE04EC0-301F-11D3-BF4B-00C04F79EFBC}") = "ProxyExample", "ProxyExample\ProxyExample.csproj", "{03BA6550-7278-4C6B-B215-515CD699DAA2}"
EndProject
Global
	GlobalSection(SolutionConfigurationPlatforms) = preSolution
		Debug|Any CPU = Debug|Any CPU
		Release|Any CPU = Release|Any CPU
	EndGlobalSection
	GlobalSection(ProjectConfigurationPlatforms) = postSolution
		{03BA6550-7278-4C6B-B215-515CD699DAA2}.Debug|Any CPU.ActiveCfg = Debug|Any CPU
		{03BA6550-7278-4C6B-B215-515CD699DAA2}.Debug|Any CPU.Build.0 = Debug|Any CPU
		{03BA6550-7278-4C6B-B215-515CD699DAA2}.Release|Any CPU.ActiveCfg = Release|Any CPU
		{03BA6550-7278-4C6B-B215-515CD699DAA2}.Release|Any CPU.Build.0 = Release|Any CPU
	EndGlobalSection
	GlobalSection(SolutionProperties) = preSolution
		HideSolutionNode = FALSE
	EndGlobalSection
	GlobalSection(ExtensibilityGlobals) = postSolution
		SolutionGuid = {BA1E33BF-5319-4911-BF96-FFEE33DCA145}
	EndGlobalSection
EndGlobal
